
Microsoft Visual Studio Solution File, Format Version 11.00
# Visual Studio 2010
Project("{FAE04EC0-301F-11D3-BF4B-00C04F79EFBC}") = "VSNDK.Tasks", "VSNDK.Tasks\VSNDK.Tasks.csproj", "{328CAD98-F4E5-444A-B5DF-AD102C67BA3C}"
EndProject
Project("{FAE04EC0-301F-11D3-BF4B-00C04F79EFBC}") = "VSNDK.AddIn", "VSNDK.AddIn\VSNDK.AddIn.csproj", "{D4644752-F6B1-47EE-A0FB-1197355A525E}"
EndProject
Project("{FAE04EC0-301F-11D3-BF4B-00C04F79EFBC}") = "VSNDK.Package", "VSNDK.Package\VSNDK.Package.csproj", "{3D6EFFAF-FF39-497D-B6F8-0B6169E90C6D}"
EndProject
Project("{8BC9CEB8-8B4A-11D0-8D11-00A0C91BC942}") = "GDBParser", "GDBParser\GDBParser.vcxproj", "{CC7B28E0-CB31-44F7-A380-E7072F670F38}"
EndProject
Project("{8BC9CEB8-8B4A-11D0-8D11-00A0C91BC942}") = "GDBWrapper", "GDBWrapper\GDBWrapper.vcxproj", "{9A560339-44DB-413F-868C-403962C2CF01}"
EndProject
Project("{FAE04EC0-301F-11D3-BF4B-00C04F79EFBC}") = "VSNDK.DebugEngine", "VSNDK.DebugEngine\VSNDK.DebugEngine.csproj", "{59A7B188-E307-4495-A3AF-4ED76B086A87}"
EndProject
Global
	GlobalSection(SolutionConfigurationPlatforms) = preSolution
		Debug|Any CPU = Debug|Any CPU
		Debug|Mixed Platforms = Debug|Mixed Platforms
		Debug|Win32 = Debug|Win32
		Release|Any CPU = Release|Any CPU
		Release|Mixed Platforms = Release|Mixed Platforms
		Release|Win32 = Release|Win32
	EndGlobalSection
	GlobalSection(ProjectConfigurationPlatforms) = postSolution
		{328CAD98-F4E5-444A-B5DF-AD102C67BA3C}.Debug|Any CPU.ActiveCfg = Debug|Any CPU
		{328CAD98-F4E5-444A-B5DF-AD102C67BA3C}.Debug|Any CPU.Build.0 = Debug|Any CPU
		{328CAD98-F4E5-444A-B5DF-AD102C67BA3C}.Debug|Mixed Platforms.ActiveCfg = Debug|Any CPU
		{328CAD98-F4E5-444A-B5DF-AD102C67BA3C}.Debug|Mixed Platforms.Build.0 = Debug|Any CPU
		{328CAD98-F4E5-444A-B5DF-AD102C67BA3C}.Debug|Win32.ActiveCfg = Debug|Any CPU
		{328CAD98-F4E5-444A-B5DF-AD102C67BA3C}.Release|Any CPU.ActiveCfg = Release|Any CPU
		{328CAD98-F4E5-444A-B5DF-AD102C67BA3C}.Release|Any CPU.Build.0 = Release|Any CPU
		{328CAD98-F4E5-444A-B5DF-AD102C67BA3C}.Release|Mixed Platforms.ActiveCfg = Release|Any CPU
		{328CAD98-F4E5-444A-B5DF-AD102C67BA3C}.Release|Mixed Platforms.Build.0 = Release|Any CPU
		{328CAD98-F4E5-444A-B5DF-AD102C67BA3C}.Release|Win32.ActiveCfg = Release|Any CPU
		{D4644752-F6B1-47EE-A0FB-1197355A525E}.Debug|Any CPU.ActiveCfg = Debug|Any CPU
		{D4644752-F6B1-47EE-A0FB-1197355A525E}.Debug|Any CPU.Build.0 = Debug|Any CPU
		{D4644752-F6B1-47EE-A0FB-1197355A525E}.Debug|Mixed Platforms.ActiveCfg = Debug|Any CPU
		{D4644752-F6B1-47EE-A0FB-1197355A525E}.Debug|Mixed Platforms.Build.0 = Debug|Any CPU
		{D4644752-F6B1-47EE-A0FB-1197355A525E}.Debug|Win32.ActiveCfg = Debug|Any CPU
		{D4644752-F6B1-47EE-A0FB-1197355A525E}.Release|Any CPU.ActiveCfg = Release|Any CPU
		{D4644752-F6B1-47EE-A0FB-1197355A525E}.Release|Any CPU.Build.0 = Release|Any CPU
		{D4644752-F6B1-47EE-A0FB-1197355A525E}.Release|Mixed Platforms.ActiveCfg = Release|Any CPU
		{D4644752-F6B1-47EE-A0FB-1197355A525E}.Release|Mixed Platforms.Build.0 = Release|Any CPU
		{D4644752-F6B1-47EE-A0FB-1197355A525E}.Release|Win32.ActiveCfg = Release|Any CPU
		{3D6EFFAF-FF39-497D-B6F8-0B6169E90C6D}.Debug|Any CPU.ActiveCfg = Debug|Any CPU
		{3D6EFFAF-FF39-497D-B6F8-0B6169E90C6D}.Debug|Any CPU.Build.0 = Debug|Any CPU
		{3D6EFFAF-FF39-497D-B6F8-0B6169E90C6D}.Debug|Mixed Platforms.ActiveCfg = Debug|Any CPU
		{3D6EFFAF-FF39-497D-B6F8-0B6169E90C6D}.Debug|Mixed Platforms.Build.0 = Debug|Any CPU
		{3D6EFFAF-FF39-497D-B6F8-0B6169E90C6D}.Debug|Win32.ActiveCfg = Debug|Any CPU
		{3D6EFFAF-FF39-497D-B6F8-0B6169E90C6D}.Release|Any CPU.ActiveCfg = Release|Any CPU
		{3D6EFFAF-FF39-497D-B6F8-0B6169E90C6D}.Release|Any CPU.Build.0 = Release|Any CPU
		{3D6EFFAF-FF39-497D-B6F8-0B6169E90C6D}.Release|Mixed Platforms.ActiveCfg = Release|Any CPU
		{3D6EFFAF-FF39-497D-B6F8-0B6169E90C6D}.Release|Mixed Platforms.Build.0 = Release|Any CPU
		{3D6EFFAF-FF39-497D-B6F8-0B6169E90C6D}.Release|Win32.ActiveCfg = Release|Any CPU
		{CC7B28E0-CB31-44F7-A380-E7072F670F38}.Debug|Any CPU.ActiveCfg = Debug|Win32
		{CC7B28E0-CB31-44F7-A380-E7072F670F38}.Debug|Mixed Platforms.ActiveCfg = Debug|Win32
		{CC7B28E0-CB31-44F7-A380-E7072F670F38}.Debug|Mixed Platforms.Build.0 = Debug|Win32
		{CC7B28E0-CB31-44F7-A380-E7072F670F38}.Debug|Win32.ActiveCfg = Debug|Win32
		{CC7B28E0-CB31-44F7-A380-E7072F670F38}.Debug|Win32.Build.0 = Debug|Win32
		{CC7B28E0-CB31-44F7-A380-E7072F670F38}.Release|Any CPU.ActiveCfg = Release|Win32
		{CC7B28E0-CB31-44F7-A380-E7072F670F38}.Release|Mixed Platforms.ActiveCfg = Release|Win32
		{CC7B28E0-CB31-44F7-A380-E7072F670F38}.Release|Mixed Platforms.Build.0 = Release|Win32
		{CC7B28E0-CB31-44F7-A380-E7072F670F38}.Release|Win32.ActiveCfg = Release|Win32
		{CC7B28E0-CB31-44F7-A380-E7072F670F38}.Release|Win32.Build.0 = Release|Win32
		{9A560339-44DB-413F-868C-403962C2CF01}.Debug|Any CPU.ActiveCfg = Debug|Win32
		{9A560339-44DB-413F-868C-403962C2CF01}.Debug|Mixed Platforms.ActiveCfg = Debug|Win32
		{9A560339-44DB-413F-868C-403962C2CF01}.Debug|Mixed Platforms.Build.0 = Debug|Win32
		{9A560339-44DB-413F-868C-403962C2CF01}.Debug|Win32.ActiveCfg = Debug|Win32
		{9A560339-44DB-413F-868C-403962C2CF01}.Debug|Win32.Build.0 = Debug|Win32
		{9A560339-44DB-413F-868C-403962C2CF01}.Release|Any CPU.ActiveCfg = Release|Win32
		{9A560339-44DB-413F-868C-403962C2CF01}.Release|Mixed Platforms.ActiveCfg = Release|Win32
		{9A560339-44DB-413F-868C-403962C2CF01}.Release|Mixed Platforms.Build.0 = Release|Win32
		{9A560339-44DB-413F-868C-403962C2CF01}.Release|Win32.ActiveCfg = Release|Win32
		{9A560339-44DB-413F-868C-403962C2CF01}.Release|Win32.Build.0 = Release|Win32
		{59A7B188-E307-4495-A3AF-4ED76B086A87}.Debug|Any CPU.ActiveCfg = Debug|Any CPU
		{59A7B188-E307-4495-A3AF-4ED76B086A87}.Debug|Any CPU.Build.0 = Debug|Any CPU
		{59A7B188-E307-4495-A3AF-4ED76B086A87}.Debug|Mixed Platforms.ActiveCfg = Debug|Any CPU
		{59A7B188-E307-4495-A3AF-4ED76B086A87}.Debug|Mixed Platforms.Build.0 = Debug|Any CPU
		{59A7B188-E307-4495-A3AF-4ED76B086A87}.Debug|Win32.ActiveCfg = Debug|Any CPU
		{59A7B188-E307-4495-A3AF-4ED76B086A87}.Release|Any CPU.ActiveCfg = Release|Any CPU
		{59A7B188-E307-4495-A3AF-4ED76B086A87}.Release|Any CPU.Build.0 = Release|Any CPU
		{59A7B188-E307-4495-A3AF-4ED76B086A87}.Release|Mixed Platforms.ActiveCfg = Release|Any CPU
		{59A7B188-E307-4495-A3AF-4ED76B086A87}.Release|Mixed Platforms.Build.0 = Release|Any CPU
		{59A7B188-E307-4495-A3AF-4ED76B086A87}.Release|Win32.ActiveCfg = Release|Any CPU
	EndGlobalSection
	GlobalSection(SolutionProperties) = preSolution
		HideSolutionNode = FALSE
	EndGlobalSection
EndGlobal
