
Microsoft Visual Studio Solution File, Format Version 11.00
# Visual Studio 2013
Project("{8BC9CEB8-8B4A-11D0-8D11-00A0C91BC942}") = "HelloWorldDisplay", "HelloWorldDisplay\HelloWorldDisplay.vcxproj", "{92A45A6C-CC44-42BF-895E-93C1FD0F1842}"
EndProject
Global
	GlobalSection(SolutionConfigurationPlatforms) = preSolution
		Debug|BlackBerry = Debug|BlackBerry
		Debug|BlackBerrySimulator = Debug|BlackBerrySimulator
		Debug|Win32 = Debug|Win32
		Release|BlackBerry = Release|BlackBerry
		Release|BlackBerrySimulator = Release|BlackBerrySimulator
		Release|Win32 = Release|Win32
	EndGlobalSection
	GlobalSection(ProjectConfigurationPlatforms) = postSolution
		{92A45A6C-CC44-42BF-895E-93C1FD0F1842}.Debug|BlackBerry.ActiveCfg = Debug|BlackBerry
		{92A45A6C-CC44-42BF-895E-93C1FD0F1842}.Debug|BlackBerry.Build.0 = Debug|BlackBerry
		{92A45A6C-CC44-42BF-895E-93C1FD0F1842}.Debug|BlackBerry.Deploy.0 = Debug|BlackBerry
		{92A45A6C-CC44-42BF-895E-93C1FD0F1842}.Debug|BlackBerrySimulator.ActiveCfg = Debug|BlackBerrySimulator
		{92A45A6C-CC44-42BF-895E-93C1FD0F1842}.Debug|BlackBerrySimulator.Build.0 = Debug|BlackBerrySimulator
		{92A45A6C-CC44-42BF-895E-93C1FD0F1842}.Debug|BlackBerrySimulator.Deploy.0 = Debug|BlackBerrySimulator
		{92A45A6C-CC44-42BF-895E-93C1FD0F1842}.Debug|Win32.ActiveCfg = Debug|BlackBerrySimulator
		{92A45A6C-CC44-42BF-895E-93C1FD0F1842}.Release|BlackBerry.ActiveCfg = Release|BlackBerry
		{92A45A6C-CC44-42BF-895E-93C1FD0F1842}.Release|BlackBerry.Build.0 = Release|BlackBerry
		{92A45A6C-CC44-42BF-895E-93C1FD0F1842}.Release|BlackBerry.Deploy.0 = Release|BlackBerry
		{92A45A6C-CC44-42BF-895E-93C1FD0F1842}.Release|BlackBerrySimulator.ActiveCfg = Release|BlackBerrySimulator
		{92A45A6C-CC44-42BF-895E-93C1FD0F1842}.Release|BlackBerrySimulator.Build.0 = Release|BlackBerrySimulator
		{92A45A6C-CC44-42BF-895E-93C1FD0F1842}.Release|BlackBerrySimulator.Deploy.0 = Release|BlackBerrySimulator
		{92A45A6C-CC44-42BF-895E-93C1FD0F1842}.Release|Win32.ActiveCfg = Release|BlackBerrySimulator
	EndGlobalSection
	GlobalSection(SolutionProperties) = preSolution
		HideSolutionNode = FALSE
	EndGlobalSection
EndGlobal
